
Microsoft Visual Studio Solution File, Format Version 12.00
# Visual Studio Version 16
VisualStudioVersion = 16.0.30204.135
MinimumVisualStudioVersion = 10.0.40219.1
Project("{9A19103F-16F7-4668-BE54-9A1E7A4F7556}") = "ImageBase.WebApp", "ImageBase.WebApp\ImageBase.WebApp.csproj", "{8AA6A4ED-A331-43E0-B3B7-0EEED503F94A}"
EndProject
Project("{9A19103F-16F7-4668-BE54-9A1E7A4F7556}") = "ImageBase.ImageHash", "ImageBase.ImageHash\ImageBase.ImageHash.csproj", "{43771466-F53A-4BD5-8658-570EEEE526C3}"
EndProject
Project("{9A19103F-16F7-4668-BE54-9A1E7A4F7556}") = "ImageBase.HashBase", "ImageBase.HashBase\ImageBase.HashBase.csproj", "{9838FD8D-EE90-4770-99D8-1D8E8D33888B}"
EndProject
Project("{9A19103F-16F7-4668-BE54-9A1E7A4F7556}") = "ImageBase.Common", "ImageBase.Common\ImageBase.Common.csproj", "{790013E0-14AA-4D46-A248-24788E4BCC83}"
EndProject
Project("{9A19103F-16F7-4668-BE54-9A1E7A4F7556}") = "ImageBase.Common.UnitTests", "ImageBase.Common.UnitTests\ImageBase.Common.UnitTests.csproj", "{15AFC029-CE24-43B1-82C9-B4C1EF4935F8}"
EndProject
Project("{9A19103F-16F7-4668-BE54-9A1E7A4F7556}") = "ImageBase.WebApp.UnitTests", "ImageBase.WebApp.UnitTests\ImageBase.WebApp.UnitTests.csproj", "{0B6BEB91-7E92-4848-949E-99633DB4A54B}"
EndProject
Project("{9A19103F-16F7-4668-BE54-9A1E7A4F7556}") = "ImageBase.ImageHash.UnitTests", "ImageBase.ImageHash.Tests\ImageBase.ImageHash.UnitTests.csproj", "{9B5EFF94-E990-4828-A424-490F31EA3289}"
EndProject
Project("{9A19103F-16F7-4668-BE54-9A1E7A4F7556}") = "ImageBase.HashBase.UnitTests", "ImageBase.HashBase.UnitTests\ImageBase.HashBase.UnitTests.csproj", "{34EC7522-24B2-4206-B3C1-DA33B9485F2B}"
EndProject
Global
	GlobalSection(SolutionConfigurationPlatforms) = preSolution
		Debug|Any CPU = Debug|Any CPU
		Release|Any CPU = Release|Any CPU
	EndGlobalSection
	GlobalSection(ProjectConfigurationPlatforms) = postSolution
		{8AA6A4ED-A331-43E0-B3B7-0EEED503F94A}.Debug|Any CPU.ActiveCfg = Debug|Any CPU
		{8AA6A4ED-A331-43E0-B3B7-0EEED503F94A}.Debug|Any CPU.Build.0 = Debug|Any CPU
		{8AA6A4ED-A331-43E0-B3B7-0EEED503F94A}.Release|Any CPU.ActiveCfg = Release|Any CPU
		{8AA6A4ED-A331-43E0-B3B7-0EEED503F94A}.Release|Any CPU.Build.0 = Release|Any CPU
		{43771466-F53A-4BD5-8658-570EEEE526C3}.Debug|Any CPU.ActiveCfg = Debug|Any CPU
		{43771466-F53A-4BD5-8658-570EEEE526C3}.Debug|Any CPU.Build.0 = Debug|Any CPU
		{43771466-F53A-4BD5-8658-570EEEE526C3}.Release|Any CPU.ActiveCfg = Release|Any CPU
		{43771466-F53A-4BD5-8658-570EEEE526C3}.Release|Any CPU.Build.0 = Release|Any CPU
		{9838FD8D-EE90-4770-99D8-1D8E8D33888B}.Debug|Any CPU.ActiveCfg = Debug|Any CPU
		{9838FD8D-EE90-4770-99D8-1D8E8D33888B}.Debug|Any CPU.Build.0 = Debug|Any CPU
		{9838FD8D-EE90-4770-99D8-1D8E8D33888B}.Release|Any CPU.ActiveCfg = Release|Any CPU
		{9838FD8D-EE90-4770-99D8-1D8E8D33888B}.Release|Any CPU.Build.0 = Release|Any CPU
		{790013E0-14AA-4D46-A248-24788E4BCC83}.Debug|Any CPU.ActiveCfg = Debug|Any CPU
		{790013E0-14AA-4D46-A248-24788E4BCC83}.Debug|Any CPU.Build.0 = Debug|Any CPU
		{790013E0-14AA-4D46-A248-24788E4BCC83}.Release|Any CPU.ActiveCfg = Release|Any CPU
		{790013E0-14AA-4D46-A248-24788E4BCC83}.Release|Any CPU.Build.0 = Release|Any CPU
		{15AFC029-CE24-43B1-82C9-B4C1EF4935F8}.Debug|Any CPU.ActiveCfg = Debug|Any CPU
		{15AFC029-CE24-43B1-82C9-B4C1EF4935F8}.Debug|Any CPU.Build.0 = Debug|Any CPU
		{15AFC029-CE24-43B1-82C9-B4C1EF4935F8}.Release|Any CPU.ActiveCfg = Release|Any CPU
		{15AFC029-CE24-43B1-82C9-B4C1EF4935F8}.Release|Any CPU.Build.0 = Release|Any CPU
		{0B6BEB91-7E92-4848-949E-99633DB4A54B}.Debug|Any CPU.ActiveCfg = Debug|Any CPU
		{0B6BEB91-7E92-4848-949E-99633DB4A54B}.Debug|Any CPU.Build.0 = Debug|Any CPU
		{0B6BEB91-7E92-4848-949E-99633DB4A54B}.Release|Any CPU.ActiveCfg = Release|Any CPU
		{0B6BEB91-7E92-4848-949E-99633DB4A54B}.Release|Any CPU.Build.0 = Release|Any CPU
		{9B5EFF94-E990-4828-A424-490F31EA3289}.Debug|Any CPU.ActiveCfg = Debug|Any CPU
		{9B5EFF94-E990-4828-A424-490F31EA3289}.Debug|Any CPU.Build.0 = Debug|Any CPU
		{9B5EFF94-E990-4828-A424-490F31EA3289}.Release|Any CPU.ActiveCfg = Release|Any CPU
		{9B5EFF94-E990-4828-A424-490F31EA3289}.Release|Any CPU.Build.0 = Release|Any CPU
		{34EC7522-24B2-4206-B3C1-DA33B9485F2B}.Debug|Any CPU.ActiveCfg = Debug|Any CPU
		{34EC7522-24B2-4206-B3C1-DA33B9485F2B}.Debug|Any CPU.Build.0 = Debug|Any CPU
		{34EC7522-24B2-4206-B3C1-DA33B9485F2B}.Release|Any CPU.ActiveCfg = Release|Any CPU
		{34EC7522-24B2-4206-B3C1-DA33B9485F2B}.Release|Any CPU.Build.0 = Release|Any CPU
	EndGlobalSection
	GlobalSection(SolutionProperties) = preSolution
		HideSolutionNode = FALSE
	EndGlobalSection
	GlobalSection(ExtensibilityGlobals) = postSolution
		SolutionGuid = {54952D69-134F-47F9-A6CF-34FB1AA17B65}
	EndGlobalSection
EndGlobal
